
Microsoft Visual Studio Solution File, Format Version 12.00
# Visual Studio Version 17
VisualStudioVersion = 17.2.32630.192
MinimumVisualStudioVersion = 10.0.40219.1
Project("{9A19103F-16F7-4668-BE54-9A1E7A4F7556}") = "CircitChallenge.API", "CircitChallenge.API\CircitChallenge.API.csproj", "{15F6C27B-756F-437C-A929-5B7EE1FC0D5E}"
EndProject
Project("{9A19103F-16F7-4668-BE54-9A1E7A4F7556}") = "CircitChallenge.BLL", "CircitChallenge.BLL\CircitChallenge.BLL.csproj", "{795F9040-DB4F-4950-95E1-8F4DB2AAC391}"
EndProject
Project("{9A19103F-16F7-4668-BE54-9A1E7A4F7556}") = "CircitChallenge.DataModel", "CircitChallenge.DataModel\CircitChallenge.DataModel.csproj", "{2FDAD7CA-F5EA-4495-B821-38B86B9BED42}"
EndProject
Project("{9A19103F-16F7-4668-BE54-9A1E7A4F7556}") = "CircitChallenge.IntegrationTests", "CircitChallenge.IntegrationTests\CircitChallenge.IntegrationTests.csproj", "{96ED97FE-04B4-423E-877E-A65A11314C49}"
EndProject
Project("{9A19103F-16F7-4668-BE54-9A1E7A4F7556}") = "CircitChallenge.UnitTests", "CircitChallenge.UnitTests\CircitChallenge.UnitTests.csproj", "{D946D80D-B4F8-4370-9AB6-A15EC3D55669}"
EndProject
Project("{54A90642-561A-4BB1-A94E-469ADEE60C69}") = "circitchallenge.frontend", "CircitChallenge.Frontend\circitchallenge.frontend.esproj", "{AC845848-EAC9-485A-8778-0868C6D84813}"
EndProject
Global
	GlobalSection(SolutionConfigurationPlatforms) = preSolution
		Debug|Any CPU = Debug|Any CPU
		Release|Any CPU = Release|Any CPU
	EndGlobalSection
	GlobalSection(ProjectConfigurationPlatforms) = postSolution
		{15F6C27B-756F-437C-A929-5B7EE1FC0D5E}.Debug|Any CPU.ActiveCfg = Debug|Any CPU
		{15F6C27B-756F-437C-A929-5B7EE1FC0D5E}.Debug|Any CPU.Build.0 = Debug|Any CPU
		{15F6C27B-756F-437C-A929-5B7EE1FC0D5E}.Release|Any CPU.ActiveCfg = Release|Any CPU
		{15F6C27B-756F-437C-A929-5B7EE1FC0D5E}.Release|Any CPU.Build.0 = Release|Any CPU
		{795F9040-DB4F-4950-95E1-8F4DB2AAC391}.Debug|Any CPU.ActiveCfg = Debug|Any CPU
		{795F9040-DB4F-4950-95E1-8F4DB2AAC391}.Debug|Any CPU.Build.0 = Debug|Any CPU
		{795F9040-DB4F-4950-95E1-8F4DB2AAC391}.Release|Any CPU.ActiveCfg = Release|Any CPU
		{795F9040-DB4F-4950-95E1-8F4DB2AAC391}.Release|Any CPU.Build.0 = Release|Any CPU
		{2FDAD7CA-F5EA-4495-B821-38B86B9BED42}.Debug|Any CPU.ActiveCfg = Debug|Any CPU
		{2FDAD7CA-F5EA-4495-B821-38B86B9BED42}.Debug|Any CPU.Build.0 = Debug|Any CPU
		{2FDAD7CA-F5EA-4495-B821-38B86B9BED42}.Release|Any CPU.ActiveCfg = Release|Any CPU
		{2FDAD7CA-F5EA-4495-B821-38B86B9BED42}.Release|Any CPU.Build.0 = Release|Any CPU
		{96ED97FE-04B4-423E-877E-A65A11314C49}.Debug|Any CPU.ActiveCfg = Debug|Any CPU
		{96ED97FE-04B4-423E-877E-A65A11314C49}.Debug|Any CPU.Build.0 = Debug|Any CPU
		{96ED97FE-04B4-423E-877E-A65A11314C49}.Release|Any CPU.ActiveCfg = Release|Any CPU
		{96ED97FE-04B4-423E-877E-A65A11314C49}.Release|Any CPU.Build.0 = Release|Any CPU
		{D946D80D-B4F8-4370-9AB6-A15EC3D55669}.Debug|Any CPU.ActiveCfg = Debug|Any CPU
		{D946D80D-B4F8-4370-9AB6-A15EC3D55669}.Debug|Any CPU.Build.0 = Debug|Any CPU
		{D946D80D-B4F8-4370-9AB6-A15EC3D55669}.Release|Any CPU.ActiveCfg = Release|Any CPU
		{D946D80D-B4F8-4370-9AB6-A15EC3D55669}.Release|Any CPU.Build.0 = Release|Any CPU
		{AC845848-EAC9-485A-8778-0868C6D84813}.Debug|Any CPU.ActiveCfg = Debug|Any CPU
		{AC845848-EAC9-485A-8778-0868C6D84813}.Debug|Any CPU.Build.0 = Debug|Any CPU
		{AC845848-EAC9-485A-8778-0868C6D84813}.Debug|Any CPU.Deploy.0 = Debug|Any CPU
		{AC845848-EAC9-485A-8778-0868C6D84813}.Release|Any CPU.ActiveCfg = Release|Any CPU
		{AC845848-EAC9-485A-8778-0868C6D84813}.Release|Any CPU.Build.0 = Release|Any CPU
		{AC845848-EAC9-485A-8778-0868C6D84813}.Release|Any CPU.Deploy.0 = Release|Any CPU
	EndGlobalSection
	GlobalSection(SolutionProperties) = preSolution
		HideSolutionNode = FALSE
	EndGlobalSection
	GlobalSection(ExtensibilityGlobals) = postSolution
		SolutionGuid = {7264E688-EF11-4CB8-8584-DA2A88CC505A}
	EndGlobalSection
EndGlobal
